
Microsoft Visual Studio Solution File, Format Version 12.00
# Visual Studio Version 17
VisualStudioVersion = 17.2.32616.157
MinimumVisualStudioVersion = 10.0.40219.1
Project("{FAE04EC0-301F-11D3-BF4B-00C04F79EFBC}") = "Graph", "Graph\Graph.csproj", "{4ED490FF-270C-4BF4-B68A-F4AF38831DCB}"
EndProject
Global
	GlobalSection(SolutionConfigurationPlatforms) = preSolution
		Debug|Any CPU = Debug|Any CPU
		Release|Any CPU = Release|Any CPU
	EndGlobalSection
	GlobalSection(ProjectConfigurationPlatforms) = postSolution
		{4ED490FF-270C-4BF4-B68A-F4AF38831DCB}.Debug|Any CPU.ActiveCfg = Debug|Any CPU
		{4ED490FF-270C-4BF4-B68A-F4AF38831DCB}.Debug|Any CPU.Build.0 = Debug|Any CPU
		{4ED490FF-270C-4BF4-B68A-F4AF38831DCB}.Release|Any CPU.ActiveCfg = Release|Any CPU
		{4ED490FF-270C-4BF4-B68A-F4AF38831DCB}.Release|Any CPU.Build.0 = Release|Any CPU
	EndGlobalSection
	GlobalSection(SolutionProperties) = preSolution
		HideSolutionNode = FALSE
	EndGlobalSection
	GlobalSection(ExtensibilityGlobals) = postSolution
		SolutionGuid = {A41AFFFF-5C70-4216-843B-80A56370780C}
	EndGlobalSection
EndGlobal
